
Microsoft Visual Studio Solution File, Format Version 12.00
# Visual Studio Version 17
VisualStudioVersion = 17.14.36109.1 d17.14
MinimumVisualStudioVersion = 10.0.40219.1
Project("{FAE04EC0-301F-11D3-BF4B-00C04F79EFBC}") = "AIKnowledgeBase.API", "AIKnowledgeBase.API\AIKnowledgeBase.API.csproj", "{C5E3C59A-2B07-4AE3-A101-0EB0EF3B31D5}"
EndProject
Project("{FAE04EC0-301F-11D3-BF4B-00C04F79EFBC}") = "AIKnowledgeBase.Core", "AIKnowledgeBase.Core\AIKnowledgeBase.Core.csproj", "{DCE84ED5-95D5-42BE-B790-6CBF24C72ED9}"
EndProject
Project("{FAE04EC0-301F-11D3-BF4B-00C04F79EFBC}") = "AIKnowledgeBase.Data", "AIKnowledgeBase.Data\AIKnowledgeBase.Data.csproj", "{4E62EB63-5658-433B-9996-82B4F7CE7F87}"
EndProject
Global
	GlobalSection(SolutionConfigurationPlatforms) = preSolution
		Debug|Any CPU = Debug|Any CPU
		Release|Any CPU = Release|Any CPU
	EndGlobalSection
	GlobalSection(ProjectConfigurationPlatforms) = postSolution
		{C5E3C59A-2B07-4AE3-A101-0EB0EF3B31D5}.Debug|Any CPU.ActiveCfg = Debug|Any CPU
		{C5E3C59A-2B07-4AE3-A101-0EB0EF3B31D5}.Debug|Any CPU.Build.0 = Debug|Any CPU
		{C5E3C59A-2B07-4AE3-A101-0EB0EF3B31D5}.Release|Any CPU.ActiveCfg = Release|Any CPU
		{C5E3C59A-2B07-4AE3-A101-0EB0EF3B31D5}.Release|Any CPU.Build.0 = Release|Any CPU
		{DCE84ED5-95D5-42BE-B790-6CBF24C72ED9}.Debug|Any CPU.ActiveCfg = Debug|Any CPU
		{DCE84ED5-95D5-42BE-B790-6CBF24C72ED9}.Debug|Any CPU.Build.0 = Debug|Any CPU
		{DCE84ED5-95D5-42BE-B790-6CBF24C72ED9}.Release|Any CPU.ActiveCfg = Release|Any CPU
		{DCE84ED5-95D5-42BE-B790-6CBF24C72ED9}.Release|Any CPU.Build.0 = Release|Any CPU
		{4E62EB63-5658-433B-9996-82B4F7CE7F87}.Debug|Any CPU.ActiveCfg = Debug|Any CPU
		{4E62EB63-5658-433B-9996-82B4F7CE7F87}.Debug|Any CPU.Build.0 = Debug|Any CPU
		{4E62EB63-5658-433B-9996-82B4F7CE7F87}.Release|Any CPU.ActiveCfg = Release|Any CPU
		{4E62EB63-5658-433B-9996-82B4F7CE7F87}.Release|Any CPU.Build.0 = Release|Any CPU
	EndGlobalSection
	GlobalSection(SolutionProperties) = preSolution
		HideSolutionNode = FALSE
	EndGlobalSection
	GlobalSection(ExtensibilityGlobals) = postSolution
		SolutionGuid = {098E1212-1CC2-4D5F-99EA-116D6AD01025}
	EndGlobalSection
EndGlobal
